
Microsoft Visual Studio Solution File, Format Version 12.00
# Visual Studio Version 17
VisualStudioVersion = 17.14.36301.6 d17.14
MinimumVisualStudioVersion = 10.0.40219.1
Project("{FAE04EC0-301F-11D3-BF4B-00C04F79EFBC}") = "FileHub", "FileHub\FileHub.csproj", "{93237E8A-6186-40A9-9BD3-8D3DB5B297A2}"
EndProject
Global
	GlobalSection(SolutionConfigurationPlatforms) = preSolution
		Debug|Any CPU = Debug|Any CPU
		Release|Any CPU = Release|Any CPU
	EndGlobalSection
	GlobalSection(ProjectConfigurationPlatforms) = postSolution
		{93237E8A-6186-40A9-9BD3-8D3DB5B297A2}.Debug|Any CPU.ActiveCfg = Debug|Any CPU
		{93237E8A-6186-40A9-9BD3-8D3DB5B297A2}.Debug|Any CPU.Build.0 = Debug|Any CPU
		{93237E8A-6186-40A9-9BD3-8D3DB5B297A2}.Release|Any CPU.ActiveCfg = Release|Any CPU
		{93237E8A-6186-40A9-9BD3-8D3DB5B297A2}.Release|Any CPU.Build.0 = Release|Any CPU
	EndGlobalSection
	GlobalSection(SolutionProperties) = preSolution
		HideSolutionNode = FALSE
	EndGlobalSection
	GlobalSection(ExtensibilityGlobals) = postSolution
		SolutionGuid = {24CBD73E-1EC1-4D31-AFF9-9C112604466A}
	EndGlobalSection
EndGlobal
